
Microsoft Visual Studio Solution File, Format Version 12.00
# Visual Studio Version 17
VisualStudioVersion = 17.0.31903.59
MinimumVisualStudioVersion = 10.0.40219.1
Project("{2150E333-8FDC-42A3-9474-1A3956D46DE8}") = "Microservices", "Microservices", "{836AB28F-7BD4-4564-8837-E5720E37D487}"
EndProject
Project("{FAE04EC0-301F-11D3-BF4B-00C04F79EFBC}") = "Product.API", "Product.API\Product.API.csproj", "{33891930-B430-470D-B861-5D56117273FA}"
EndProject
Project("{2150E333-8FDC-42A3-9474-1A3956D46DE8}") = "UIProject", "UIProject", "{D0644CE6-8801-4BC8-B07C-8DBD27180700}"
EndProject
Global
	GlobalSection(SolutionConfigurationPlatforms) = preSolution
		Debug|Any CPU = Debug|Any CPU
		Release|Any CPU = Release|Any CPU
	EndGlobalSection
	GlobalSection(ProjectConfigurationPlatforms) = postSolution
		{33891930-B430-470D-B861-5D56117273FA}.Debug|Any CPU.ActiveCfg = Debug|Any CPU
		{33891930-B430-470D-B861-5D56117273FA}.Debug|Any CPU.Build.0 = Debug|Any CPU
		{33891930-B430-470D-B861-5D56117273FA}.Release|Any CPU.ActiveCfg = Release|Any CPU
		{33891930-B430-470D-B861-5D56117273FA}.Release|Any CPU.Build.0 = Release|Any CPU
	EndGlobalSection
	GlobalSection(SolutionProperties) = preSolution
		HideSolutionNode = FALSE
	EndGlobalSection
	GlobalSection(NestedProjects) = preSolution
		{33891930-B430-470D-B861-5D56117273FA} = {836AB28F-7BD4-4564-8837-E5720E37D487}
	EndGlobalSection
	GlobalSection(ExtensibilityGlobals) = postSolution
		SolutionGuid = {ED8D890B-DDB0-474F-8391-736D2642E582}
	EndGlobalSection
EndGlobal
